
Microsoft Visual Studio Solution File, Format Version 12.00
# Visual Studio Version 17
VisualStudioVersion = 17.2.32602.215
MinimumVisualStudioVersion = 10.0.40219.1
Project("{FAE04EC0-301F-11D3-BF4B-00C04F79EFBC}") = "attochatter", "attochatter\attochatter.csproj", "{098DF8C5-ADC7-43AA-A735-E44387419C38}"
EndProject
Global
	GlobalSection(SolutionConfigurationPlatforms) = preSolution
		Debug|Any CPU = Debug|Any CPU
		Release|Any CPU = Release|Any CPU
	EndGlobalSection
	GlobalSection(ProjectConfigurationPlatforms) = postSolution
		{098DF8C5-ADC7-43AA-A735-E44387419C38}.Debug|Any CPU.ActiveCfg = Debug|Any CPU
		{098DF8C5-ADC7-43AA-A735-E44387419C38}.Debug|Any CPU.Build.0 = Debug|Any CPU
		{098DF8C5-ADC7-43AA-A735-E44387419C38}.Release|Any CPU.ActiveCfg = Release|Any CPU
		{098DF8C5-ADC7-43AA-A735-E44387419C38}.Release|Any CPU.Build.0 = Release|Any CPU
	EndGlobalSection
	GlobalSection(SolutionProperties) = preSolution
		HideSolutionNode = FALSE
	EndGlobalSection
	GlobalSection(ExtensibilityGlobals) = postSolution
		SolutionGuid = {E63E661C-7E8F-47F7-8B2C-FE6B9538A34A}
	EndGlobalSection
EndGlobal
